
Microsoft Visual Studio Solution File, Format Version 12.00
# Visual Studio 15
VisualStudioVersion = 15.0.26124.0
MinimumVisualStudioVersion = 15.0.26124.0
Project("{FAE04EC0-301F-11D3-BF4B-00C04F79EFBC}") = "exercicio7.Domain", "exercicio7.Domain\exercicio7.Domain.csproj", "{EBD7B305-A40D-4FA5-8E53-2462B6B0A652}"
EndProject
Project("{FAE04EC0-301F-11D3-BF4B-00C04F79EFBC}") = "exercicio7.Tests", "exercicio7.Tests\exercicio7.Tests.csproj", "{0A3F2587-3D07-4E33-895A-B45027C0AAF5}"
EndProject
Global
	GlobalSection(SolutionConfigurationPlatforms) = preSolution
		Debug|Any CPU = Debug|Any CPU
		Debug|x64 = Debug|x64
		Debug|x86 = Debug|x86
		Release|Any CPU = Release|Any CPU
		Release|x64 = Release|x64
		Release|x86 = Release|x86
	EndGlobalSection
	GlobalSection(SolutionProperties) = preSolution
		HideSolutionNode = FALSE
	EndGlobalSection
	GlobalSection(ProjectConfigurationPlatforms) = postSolution
		{EBD7B305-A40D-4FA5-8E53-2462B6B0A652}.Debug|Any CPU.ActiveCfg = Debug|Any CPU
		{EBD7B305-A40D-4FA5-8E53-2462B6B0A652}.Debug|Any CPU.Build.0 = Debug|Any CPU
		{EBD7B305-A40D-4FA5-8E53-2462B6B0A652}.Debug|x64.ActiveCfg = Debug|Any CPU
		{EBD7B305-A40D-4FA5-8E53-2462B6B0A652}.Debug|x64.Build.0 = Debug|Any CPU
		{EBD7B305-A40D-4FA5-8E53-2462B6B0A652}.Debug|x86.ActiveCfg = Debug|Any CPU
		{EBD7B305-A40D-4FA5-8E53-2462B6B0A652}.Debug|x86.Build.0 = Debug|Any CPU
		{EBD7B305-A40D-4FA5-8E53-2462B6B0A652}.Release|Any CPU.ActiveCfg = Release|Any CPU
		{EBD7B305-A40D-4FA5-8E53-2462B6B0A652}.Release|Any CPU.Build.0 = Release|Any CPU
		{EBD7B305-A40D-4FA5-8E53-2462B6B0A652}.Release|x64.ActiveCfg = Release|Any CPU
		{EBD7B305-A40D-4FA5-8E53-2462B6B0A652}.Release|x64.Build.0 = Release|Any CPU
		{EBD7B305-A40D-4FA5-8E53-2462B6B0A652}.Release|x86.ActiveCfg = Release|Any CPU
		{EBD7B305-A40D-4FA5-8E53-2462B6B0A652}.Release|x86.Build.0 = Release|Any CPU
		{0A3F2587-3D07-4E33-895A-B45027C0AAF5}.Debug|Any CPU.ActiveCfg = Debug|Any CPU
		{0A3F2587-3D07-4E33-895A-B45027C0AAF5}.Debug|Any CPU.Build.0 = Debug|Any CPU
		{0A3F2587-3D07-4E33-895A-B45027C0AAF5}.Debug|x64.ActiveCfg = Debug|Any CPU
		{0A3F2587-3D07-4E33-895A-B45027C0AAF5}.Debug|x64.Build.0 = Debug|Any CPU
		{0A3F2587-3D07-4E33-895A-B45027C0AAF5}.Debug|x86.ActiveCfg = Debug|Any CPU
		{0A3F2587-3D07-4E33-895A-B45027C0AAF5}.Debug|x86.Build.0 = Debug|Any CPU
		{0A3F2587-3D07-4E33-895A-B45027C0AAF5}.Release|Any CPU.ActiveCfg = Release|Any CPU
		{0A3F2587-3D07-4E33-895A-B45027C0AAF5}.Release|Any CPU.Build.0 = Release|Any CPU
		{0A3F2587-3D07-4E33-895A-B45027C0AAF5}.Release|x64.ActiveCfg = Release|Any CPU
		{0A3F2587-3D07-4E33-895A-B45027C0AAF5}.Release|x64.Build.0 = Release|Any CPU
		{0A3F2587-3D07-4E33-895A-B45027C0AAF5}.Release|x86.ActiveCfg = Release|Any CPU
		{0A3F2587-3D07-4E33-895A-B45027C0AAF5}.Release|x86.Build.0 = Release|Any CPU
	EndGlobalSection
EndGlobal
