
Microsoft Visual Studio Solution File, Format Version 12.00
# Visual Studio 15
VisualStudioVersion = 15.0.26124.0
MinimumVisualStudioVersion = 15.0.26124.0
Project("{FAE04EC0-301F-11D3-BF4B-00C04F79EFBC}") = "exercicio2.Domain", "exercicio2.Domain\exercicio2.Domain.csproj", "{7431CA05-D963-4190-8B42-A7F2BD85DEAD}"
EndProject
Project("{FAE04EC0-301F-11D3-BF4B-00C04F79EFBC}") = "exercicio2.Tests", "exercicio2.Tests\exercicio2.Tests.csproj", "{6D4E9648-8F14-4C7A-A856-6531CCB4B73F}"
EndProject
Global
	GlobalSection(SolutionConfigurationPlatforms) = preSolution
		Debug|Any CPU = Debug|Any CPU
		Debug|x64 = Debug|x64
		Debug|x86 = Debug|x86
		Release|Any CPU = Release|Any CPU
		Release|x64 = Release|x64
		Release|x86 = Release|x86
	EndGlobalSection
	GlobalSection(SolutionProperties) = preSolution
		HideSolutionNode = FALSE
	EndGlobalSection
	GlobalSection(ProjectConfigurationPlatforms) = postSolution
		{7431CA05-D963-4190-8B42-A7F2BD85DEAD}.Debug|Any CPU.ActiveCfg = Debug|Any CPU
		{7431CA05-D963-4190-8B42-A7F2BD85DEAD}.Debug|Any CPU.Build.0 = Debug|Any CPU
		{7431CA05-D963-4190-8B42-A7F2BD85DEAD}.Debug|x64.ActiveCfg = Debug|Any CPU
		{7431CA05-D963-4190-8B42-A7F2BD85DEAD}.Debug|x64.Build.0 = Debug|Any CPU
		{7431CA05-D963-4190-8B42-A7F2BD85DEAD}.Debug|x86.ActiveCfg = Debug|Any CPU
		{7431CA05-D963-4190-8B42-A7F2BD85DEAD}.Debug|x86.Build.0 = Debug|Any CPU
		{7431CA05-D963-4190-8B42-A7F2BD85DEAD}.Release|Any CPU.ActiveCfg = Release|Any CPU
		{7431CA05-D963-4190-8B42-A7F2BD85DEAD}.Release|Any CPU.Build.0 = Release|Any CPU
		{7431CA05-D963-4190-8B42-A7F2BD85DEAD}.Release|x64.ActiveCfg = Release|Any CPU
		{7431CA05-D963-4190-8B42-A7F2BD85DEAD}.Release|x64.Build.0 = Release|Any CPU
		{7431CA05-D963-4190-8B42-A7F2BD85DEAD}.Release|x86.ActiveCfg = Release|Any CPU
		{7431CA05-D963-4190-8B42-A7F2BD85DEAD}.Release|x86.Build.0 = Release|Any CPU
		{6D4E9648-8F14-4C7A-A856-6531CCB4B73F}.Debug|Any CPU.ActiveCfg = Debug|Any CPU
		{6D4E9648-8F14-4C7A-A856-6531CCB4B73F}.Debug|Any CPU.Build.0 = Debug|Any CPU
		{6D4E9648-8F14-4C7A-A856-6531CCB4B73F}.Debug|x64.ActiveCfg = Debug|Any CPU
		{6D4E9648-8F14-4C7A-A856-6531CCB4B73F}.Debug|x64.Build.0 = Debug|Any CPU
		{6D4E9648-8F14-4C7A-A856-6531CCB4B73F}.Debug|x86.ActiveCfg = Debug|Any CPU
		{6D4E9648-8F14-4C7A-A856-6531CCB4B73F}.Debug|x86.Build.0 = Debug|Any CPU
		{6D4E9648-8F14-4C7A-A856-6531CCB4B73F}.Release|Any CPU.ActiveCfg = Release|Any CPU
		{6D4E9648-8F14-4C7A-A856-6531CCB4B73F}.Release|Any CPU.Build.0 = Release|Any CPU
		{6D4E9648-8F14-4C7A-A856-6531CCB4B73F}.Release|x64.ActiveCfg = Release|Any CPU
		{6D4E9648-8F14-4C7A-A856-6531CCB4B73F}.Release|x64.Build.0 = Release|Any CPU
		{6D4E9648-8F14-4C7A-A856-6531CCB4B73F}.Release|x86.ActiveCfg = Release|Any CPU
		{6D4E9648-8F14-4C7A-A856-6531CCB4B73F}.Release|x86.Build.0 = Release|Any CPU
	EndGlobalSection
EndGlobal
