
Microsoft Visual Studio Solution File, Format Version 12.00
# Visual Studio 15
VisualStudioVersion = 15.0.26124.0
MinimumVisualStudioVersion = 15.0.26124.0
Project("{FAE04EC0-301F-11D3-BF4B-00C04F79EFBC}") = "exercicio1.Domain", "exercicio1.Domain\exercicio1.Domain.csproj", "{0DD111AD-3AA0-44DD-A75C-321735A82012}"
EndProject
Project("{FAE04EC0-301F-11D3-BF4B-00C04F79EFBC}") = "exercicio1.Test", "exercicio1.Test\exercicio1.Test.csproj", "{28CF287B-2EDE-4065-8467-26EA1FC61920}"
EndProject
Global
	GlobalSection(SolutionConfigurationPlatforms) = preSolution
		Debug|Any CPU = Debug|Any CPU
		Debug|x64 = Debug|x64
		Debug|x86 = Debug|x86
		Release|Any CPU = Release|Any CPU
		Release|x64 = Release|x64
		Release|x86 = Release|x86
	EndGlobalSection
	GlobalSection(SolutionProperties) = preSolution
		HideSolutionNode = FALSE
	EndGlobalSection
	GlobalSection(ProjectConfigurationPlatforms) = postSolution
		{0DD111AD-3AA0-44DD-A75C-321735A82012}.Debug|Any CPU.ActiveCfg = Debug|Any CPU
		{0DD111AD-3AA0-44DD-A75C-321735A82012}.Debug|Any CPU.Build.0 = Debug|Any CPU
		{0DD111AD-3AA0-44DD-A75C-321735A82012}.Debug|x64.ActiveCfg = Debug|Any CPU
		{0DD111AD-3AA0-44DD-A75C-321735A82012}.Debug|x64.Build.0 = Debug|Any CPU
		{0DD111AD-3AA0-44DD-A75C-321735A82012}.Debug|x86.ActiveCfg = Debug|Any CPU
		{0DD111AD-3AA0-44DD-A75C-321735A82012}.Debug|x86.Build.0 = Debug|Any CPU
		{0DD111AD-3AA0-44DD-A75C-321735A82012}.Release|Any CPU.ActiveCfg = Release|Any CPU
		{0DD111AD-3AA0-44DD-A75C-321735A82012}.Release|Any CPU.Build.0 = Release|Any CPU
		{0DD111AD-3AA0-44DD-A75C-321735A82012}.Release|x64.ActiveCfg = Release|Any CPU
		{0DD111AD-3AA0-44DD-A75C-321735A82012}.Release|x64.Build.0 = Release|Any CPU
		{0DD111AD-3AA0-44DD-A75C-321735A82012}.Release|x86.ActiveCfg = Release|Any CPU
		{0DD111AD-3AA0-44DD-A75C-321735A82012}.Release|x86.Build.0 = Release|Any CPU
		{28CF287B-2EDE-4065-8467-26EA1FC61920}.Debug|Any CPU.ActiveCfg = Debug|Any CPU
		{28CF287B-2EDE-4065-8467-26EA1FC61920}.Debug|Any CPU.Build.0 = Debug|Any CPU
		{28CF287B-2EDE-4065-8467-26EA1FC61920}.Debug|x64.ActiveCfg = Debug|Any CPU
		{28CF287B-2EDE-4065-8467-26EA1FC61920}.Debug|x64.Build.0 = Debug|Any CPU
		{28CF287B-2EDE-4065-8467-26EA1FC61920}.Debug|x86.ActiveCfg = Debug|Any CPU
		{28CF287B-2EDE-4065-8467-26EA1FC61920}.Debug|x86.Build.0 = Debug|Any CPU
		{28CF287B-2EDE-4065-8467-26EA1FC61920}.Release|Any CPU.ActiveCfg = Release|Any CPU
		{28CF287B-2EDE-4065-8467-26EA1FC61920}.Release|Any CPU.Build.0 = Release|Any CPU
		{28CF287B-2EDE-4065-8467-26EA1FC61920}.Release|x64.ActiveCfg = Release|Any CPU
		{28CF287B-2EDE-4065-8467-26EA1FC61920}.Release|x64.Build.0 = Release|Any CPU
		{28CF287B-2EDE-4065-8467-26EA1FC61920}.Release|x86.ActiveCfg = Release|Any CPU
		{28CF287B-2EDE-4065-8467-26EA1FC61920}.Release|x86.Build.0 = Release|Any CPU
	EndGlobalSection
EndGlobal
